
Microsoft Visual Studio Solution File, Format Version 12.00
# Visual Studio Version 16
VisualStudioVersion = 16.0.31515.178
MinimumVisualStudioVersion = 10.0.40219.1
Project("{FAE04EC0-301F-11D3-BF4B-00C04F79EFBC}") = "BuildABookBag", "BuildABookBag\BuildABookBag.csproj", "{BB1E7788-3FF3-4BC8-BF45-F41C9EB03B94}"
EndProject
Global
	GlobalSection(SolutionConfigurationPlatforms) = preSolution
		Debug|Any CPU = Debug|Any CPU
		Release|Any CPU = Release|Any CPU
	EndGlobalSection
	GlobalSection(ProjectConfigurationPlatforms) = postSolution
		{BB1E7788-3FF3-4BC8-BF45-F41C9EB03B94}.Debug|Any CPU.ActiveCfg = Debug|Any CPU
		{BB1E7788-3FF3-4BC8-BF45-F41C9EB03B94}.Debug|Any CPU.Build.0 = Debug|Any CPU
		{BB1E7788-3FF3-4BC8-BF45-F41C9EB03B94}.Release|Any CPU.ActiveCfg = Release|Any CPU
		{BB1E7788-3FF3-4BC8-BF45-F41C9EB03B94}.Release|Any CPU.Build.0 = Release|Any CPU
	EndGlobalSection
	GlobalSection(SolutionProperties) = preSolution
		HideSolutionNode = FALSE
	EndGlobalSection
	GlobalSection(ExtensibilityGlobals) = postSolution
		SolutionGuid = {05328658-6C22-40FB-AE84-3C947F6B508B}
	EndGlobalSection
EndGlobal
